<?xml version="1.0" encoding="utf-8"?>
<Project ToolsVersion="4.0" xmlns="http://schemas.microsoft.com/developer/msbuild/2003">
  <ItemGroup>
    <Filter Include="Source Files">
      <UniqueIdentifier>{4FC737F1-C7A5-4376-A066-2A32D752A2FF}</UniqueIdentifier>
      <Extensions>cpp;c;cc;cxx;c++;def;odl;idl;hpj;bat;asm;asmx</Extensions>
    </Filter>
    <Filter Include="Header Files">
      <UniqueIdentifier>{93995380-89BD-4b04-88EB-625FBE52EBFB}</UniqueIdentifier>
      <Extensions>h;hh;hpp;hxx;h++;hm;inl;inc;ipp;xsd</Extensions>
    </Filter>
    <Filter Include="Resource Files">
      <UniqueIdentifier>{67DA6AB6-F800-4c08-8B7A-83BB121AAD01}</UniqueIdentifier>
      <Extensions>rc;ico;cur;bmp;dlg;rc2;rct;bin;rgs;gif;jpg;jpeg;jpe;resx;tiff;tif;png;wav;mfcribbon-ms</Extensions>
    </Filter>
    <Filter Include="Header Files\Game">
      <UniqueIdentifier>{b2de3c18-0bac-42a7-834c-0d518099fbfc}</UniqueIdentifier>
    </Filter>
    <Filter Include="Header Files\Engine">
      <UniqueIdentifier>{cbab6bbe-6cf8-476c-80f4-d2f5dcd39532}</UniqueIdentifier>
    </Filter>
    <Filter Include="Header Files\Engine\Base Classes">
      <UniqueIdentifier>{7ea6aa15-3aa2-4569-b6cd-80d2a19553ed}</UniqueIdentifier>
    </Filter>
    <Filter Include="Header Files\Engine\Managers">
      <UniqueIdentifier>{f4c79b4c-d550-49d7-bf35-94c9a66f0417}</UniqueIdentifier>
    </Filter>
    <Filter Include="Header Files\Engine\Components">
      <UniqueIdentifier>{9e3f249f-cf81-4287-af5b-b7343e68aeef}</UniqueIdentifier>
    </Filter>
    <Filter Include="Header Files\Engine\Utilities">
      <UniqueIdentifier>{9d17508d-efc7-420c-8031-7f50107803e5}</UniqueIdentifier>
    </Filter>
    <Filter Include="Header Files\Engine\Engine Core">
      <UniqueIdentifier>{557faebb-9bfd-4451-949a-8d70c9f4bd4d}</UniqueIdentifier>
    </Filter>
    <Filter Include="Header Files\Engine\Default Meshes">
      <UniqueIdentifier>{89d6278b-5554-43dd-b2a3-626802fbacc5}</UniqueIdentifier>
    </Filter>
    <Filter Include="Header Files\Engine\3rd Party">
      <UniqueIdentifier>{c4b647f0-4966-403b-8040-2b95c323cde4}</UniqueIdentifier>
    </Filter>
    <Filter Include="Header Files\Engine\3rd Party\openFBX">
      <UniqueIdentifier>{7d19a49d-486b-41d7-970f-81128c799676}</UniqueIdentifier>
    </Filter>
    <Filter Include="Header Files\Engine\3rd Party\Steam">
      <UniqueIdentifier>{c30754bc-fae8-44c6-a192-631bb38a3790}</UniqueIdentifier>
    </Filter>
    <Filter Include="Header Files\Engine\Base Classes\Animation">
      <UniqueIdentifier>{eef8507a-6e0b-4127-8527-6e90fc41f6d2}</UniqueIdentifier>
    </Filter>
    <Filter Include="Resource Files\Shaders">
      <UniqueIdentifier>{69fc7b72-2a79-4b63-9a39-b57ff1ee16b4}</UniqueIdentifier>
    </Filter>
    <Filter Include="Header Files\Engine\Physics">
      <UniqueIdentifier>{d840c3f9-1812-4b41-8e94-f423b7233269}</UniqueIdentifier>
    </Filter>
    <Filter Include="Source Files\Engine">
      <UniqueIdentifier>{9618788d-369a-46dd-9054-34d6cb355394}</UniqueIdentifier>
    </Filter>
    <Filter Include="Source Files\Engine\Components">
      <UniqueIdentifier>{92bd1cbc-5cfe-4dd2-b1f9-4cb52da89bdb}</UniqueIdentifier>
    </Filter>
    <Filter Include="Source Files\Engine\Engine Core">
      <UniqueIdentifier>{b63a30c3-a87d-4bfa-a07d-64fc5f9a70f2}</UniqueIdentifier>
    </Filter>
    <Filter Include="Source Files\Engine\Managers">
      <UniqueIdentifier>{80fce71d-0d00-4bc4-b886-9c07d17e9db4}</UniqueIdentifier>
    </Filter>
    <Filter Include="Source Files\Engine\3rd Party">
      <UniqueIdentifier>{6671cb09-de99-4f0e-9b18-a6d8973a7a39}</UniqueIdentifier>
    </Filter>
    <Filter Include="Source Files\Engine\3rd Party\openFBX">
      <UniqueIdentifier>{c9c53710-51b2-482a-98e2-4e4f0ae2d3bb}</UniqueIdentifier>
    </Filter>
    <Filter Include="Source Files\Engine\Base Classes">
      <UniqueIdentifier>{70f92304-6551-4716-9878-a26f5f4f8548}</UniqueIdentifier>
    </Filter>
    <Filter Include="Source Files\Engine\Physics">
      <UniqueIdentifier>{17f5a405-99ef-4ab0-a4f7-2723c69ea2de}</UniqueIdentifier>
    </Filter>
    <Filter Include="Source Files\Engine\Utilities">
      <UniqueIdentifier>{111a9d95-c765-44f0-ab31-96aa5274d4f8}</UniqueIdentifier>
    </Filter>
    <Filter Include="Header Files\Engine\Components\UI Components">
      <UniqueIdentifier>{dc895052-d452-4ac6-906d-d150493bc90f}</UniqueIdentifier>
    </Filter>
    <Filter Include="Header Files\Engine\Networking">
      <UniqueIdentifier>{60b5296e-d812-418b-a198-1012c49be861}</UniqueIdentifier>
    </Filter>
    <Filter Include="Source Files\Engine\Networking">
      <UniqueIdentifier>{fe3570be-03ce-42e4-a683-5d22cc5ad241}</UniqueIdentifier>
    </Filter>
    <Filter Include="Header Files\Game\MainMenu">
      <UniqueIdentifier>{c8b0a6cd-8f6c-44b6-ac4f-f1883b4339c2}</UniqueIdentifier>
    </Filter>
    <Filter Include="Source Files\Engine\Components\UI Components">
      <UniqueIdentifier>{caabc92b-53c7-41b9-8921-ebb668e2394b}</UniqueIdentifier>
    </Filter>
    <Filter Include="Source Files\Game">
      <UniqueIdentifier>{66541b38-49e5-4a80-b0c6-e08fecdfa63d}</UniqueIdentifier>
    </Filter>
    <Filter Include="Header Files\Engine\Input">
      <UniqueIdentifier>{0b279436-64f1-4dec-b260-b36c1054a420}</UniqueIdentifier>
    </Filter>
  </ItemGroup>
  <ItemGroup>
    <ClInclude Include="openFBX\miniz.h">
      <Filter>Header Files\Engine\3rd Party\openFBX</Filter>
    </ClInclude>
    <ClInclude Include="openFBX\ofbx.h">
      <Filter>Header Files\Engine\3rd Party\openFBX</Filter>
    </ClInclude>
    <ClInclude Include="MyCamera.hpp">
      <Filter>Header Files\Game</Filter>
    </ClInclude>
    <ClInclude Include="TestObject.hpp">
      <Filter>Header Files\Game</Filter>
    </ClInclude>
    <ClInclude Include="MyControls.hpp">
      <Filter>Header Files\Game</Filter>
    </ClInclude>
    <ClInclude Include="MyFloor.hpp">
      <Filter>Header Files\Game</Filter>
    </ClInclude>
    <ClInclude Include="MyPlayer.hpp">
      <Filter>Header Files\Game</Filter>
    </ClInclude>
    <ClInclude Include="MyText.hpp">
      <Filter>Header Files\Game</Filter>
    </ClInclude>
    <ClInclude Include="DefaultMesh.hpp">
      <Filter>Header Files\Engine\Default Meshes</Filter>
    </ClInclude>
    <ClInclude Include="RingCircleMesh.hpp">
      <Filter>Header Files\Engine\Default Meshes</Filter>
    </ClInclude>
    <ClInclude Include="RectMesh.hpp">
      <Filter>Header Files\Engine\Default Meshes</Filter>
    </ClInclude>
    <ClInclude Include="Engine.hpp">
      <Filter>Header Files\Engine\Engine Core</Filter>
    </ClInclude>
    <ClInclude Include="DebugMessenger.hpp">
      <Filter>Header Files\Engine\Engine Core</Filter>
    </ClInclude>
    <ClInclude Include="GraphicsPipeline.hpp">
      <Filter>Header Files\Engine\Engine Core</Filter>
    </ClInclude>
    <ClInclude Include="ImageResource.hpp">
      <Filter>Header Files\Engine\Engine Core</Filter>
    </ClInclude>
    <ClInclude Include="Device.hpp">
      <Filter>Header Files\Engine\Engine Core</Filter>
    </ClInclude>
    <ClInclude Include="CommandPool.hpp">
      <Filter>Header Files\Engine\Engine Core</Filter>
    </ClInclude>
    <ClInclude Include="BufferManager.hpp">
      <Filter>Header Files\Engine\Engine Core</Filter>
    </ClInclude>
    <ClInclude Include="RenderComponentManager.hpp">
      <Filter>Header Files\Engine\Engine Core</Filter>
    </ClInclude>
    <ClInclude Include="DescriptorManager.hpp">
      <Filter>Header Files\Engine\Engine Core</Filter>
    </ClInclude>
    <ClInclude Include="JoystickUI.hpp">
      <Filter>Header Files\Game</Filter>
    </ClInclude>
    <ClInclude Include="SteamManager.hpp">
      <Filter>Header Files\Engine\3rd Party\Steam</Filter>
    </ClInclude>
    <ClInclude Include="Actor.hpp">
      <Filter>Header Files\Engine\Base Classes</Filter>
    </ClInclude>
    <ClInclude Include="CameraManager.hpp">
      <Filter>Header Files\Engine\Managers</Filter>
    </ClInclude>
    <ClInclude Include="AssetManager.hpp">
      <Filter>Header Files\Engine\Managers</Filter>
    </ClInclude>
    <ClInclude Include="DebugManager.hpp">
      <Filter>Header Files\Engine\Managers</Filter>
    </ClInclude>
    <ClInclude Include="AxisMesh.hpp">
      <Filter>Header Files\Engine\Default Meshes</Filter>
    </ClInclude>
    <ClInclude Include="FontManager.hpp">
      <Filter>Header Files\Engine\Managers</Filter>
    </ClInclude>
    <ClInclude Include="Component.hpp">
      <Filter>Header Files\Engine\Base Classes</Filter>
    </ClInclude>
    <ClInclude Include="QueueFamilies.hpp">
      <Filter>Header Files\Engine\Engine Core</Filter>
    </ClInclude>
    <ClInclude Include="Texture.hpp">
      <Filter>Header Files\Engine\Base Classes</Filter>
    </ClInclude>
    <ClInclude Include="Mesh.hpp">
      <Filter>Header Files\Engine\Base Classes</Filter>
    </ClInclude>
    <ClInclude Include="Model.hpp">
      <Filter>Header Files\Engine\Base Classes</Filter>
    </ClInclude>
    <ClInclude Include="Vertex.hpp">
      <Filter>Header Files\Engine\Base Classes</Filter>
    </ClInclude>
    <ClInclude Include="Transform.hpp">
      <Filter>Header Files\Engine\Base Classes</Filter>
    </ClInclude>
    <ClInclude Include="Transform2D.hpp">
      <Filter>Header Files\Engine\Base Classes</Filter>
    </ClInclude>
    <ClInclude Include="RenderComponent.hpp">
      <Filter>Header Files\Engine\Components</Filter>
    </ClInclude>
    <ClInclude Include="TransformComponent.hpp">
      <Filter>Header Files\Engine\Components</Filter>
    </ClInclude>
    <ClInclude Include="UIComponent.hpp">
      <Filter>Header Files\Engine\Components</Filter>
    </ClInclude>
    <ClInclude Include="Light.hpp">
      <Filter>Header Files\Engine\Base Classes</Filter>
    </ClInclude>
    <ClInclude Include="Swapchain.hpp">
      <Filter>Header Files\Engine\Engine Core</Filter>
    </ClInclude>
    <ClInclude Include="Shader.hpp">
      <Filter>Header Files\Engine\Engine Core</Filter>
    </ClInclude>
    <ClInclude Include="Surface.hpp">
      <Filter>Header Files\Engine\Engine Core</Filter>
    </ClInclude>
    <ClInclude Include="Instance.hpp">
      <Filter>Header Files\Engine\Engine Core</Filter>
    </ClInclude>
    <ClInclude Include="Image.hpp">
      <Filter>Header Files\Engine\Base Classes</Filter>
    </ClInclude>
    <ClInclude Include="engineUtil.hpp">
      <Filter>Header Files\Engine\Utilities</Filter>
    </ClInclude>
    <ClInclude Include="Message.hpp">
      <Filter>Header Files\Engine\Utilities</Filter>
    </ClInclude>
    <ClInclude Include="pch.hpp">
      <Filter>Header Files\Engine\Utilities</Filter>
    </ClInclude>
    <ClInclude Include="TextManager.hpp">
      <Filter>Header Files\Engine\Managers</Filter>
    </ClInclude>
    <ClInclude Include="UpdateEvent.hpp">
      <Filter>Header Files\Engine\Utilities</Filter>
    </ClInclude>
    <ClInclude Include="WorldSpaceMarker.hpp">
      <Filter>Header Files\Game</Filter>
    </ClInclude>
    <ClInclude Include="WindowWrapper.hpp">
      <Filter>Header Files\Engine\Engine Core</Filter>
    </ClInclude>
    <ClInclude Include="Material.hpp">
      <Filter>Header Files\Engine\Base Classes</Filter>
    </ClInclude>
    <ClInclude Include="MyLight.hpp">
      <Filter>Header Files\Game</Filter>
    </ClInclude>
    <ClInclude Include="TestObject2.hpp">
      <Filter>Header Files\Game</Filter>
    </ClInclude>
    <ClInclude Include="SyncManager.hpp">
      <Filter>Header Files\Engine\Engine Core</Filter>
    </ClInclude>
    <ClInclude Include="FBXloader.hpp">
      <Filter>Header Files\Engine\Utilities</Filter>
    </ClInclude>
    <ClInclude Include="Armature.hpp">
      <Filter>Header Files\Engine\Base Classes\Animation</Filter>
    </ClInclude>
    <ClInclude Include="AnimPose.hpp">
      <Filter>Header Files\Engine\Base Classes\Animation</Filter>
    </ClInclude>
    <ClInclude Include="Pose.hpp">
      <Filter>Header Files\Engine\Base Classes\Animation</Filter>
    </ClInclude>
    <ClInclude Include="Node.hpp">
      <Filter>Header Files\Engine\Base Classes\Animation</Filter>
    </ClInclude>
    <ClInclude Include="ArmatureVisualizerMesh.hpp">
      <Filter>Header Files\Engine\Base Classes\Animation</Filter>
    </ClInclude>
    <ClInclude Include="Scene.hpp">
      <Filter>Header Files\Engine\Base Classes</Filter>
    </ClInclude>
    <ClInclude Include="MyTestScene.hpp">
      <Filter>Header Files\Game</Filter>
    </ClInclude>
    <ClInclude Include="BasicPistol.hpp">
      <Filter>Header Files\Game</Filter>
    </ClInclude>
    <ClInclude Include="PhysicsManager.hpp">
      <Filter>Header Files\Engine\Managers</Filter>
    </ClInclude>
    <ClInclude Include="PhysicsShape.hpp">
      <Filter>Header Files\Engine\Physics</Filter>
    </ClInclude>
    <ClInclude Include="PhysicsBody.hpp">
      <Filter>Header Files\Engine\Physics</Filter>
    </ClInclude>
    <ClInclude Include="testPhysObj.hpp">
      <Filter>Header Files\Game</Filter>
    </ClInclude>
    <ClInclude Include="testSphere.hpp">
      <Filter>Header Files\Game</Filter>
    </ClInclude>
    <ClInclude Include="PhysicsComponent.hpp">
      <Filter>Header Files\Engine\Components</Filter>
    </ClInclude>
    <ClInclude Include="ObjectPicker.hpp">
      <Filter>Header Files\Game</Filter>
    </ClInclude>
    <ClInclude Include="CubeMesh.hpp">
      <Filter>Header Files\Engine\Default Meshes</Filter>
    </ClInclude>
    <ClInclude Include="Collision.hpp">
      <Filter>Header Files\Engine\Physics</Filter>
    </ClInclude>
    <ClInclude Include="GJK.hpp">
      <Filter>Header Files\Engine\Physics</Filter>
    </ClInclude>
    <ClInclude Include="UIButton.hpp">
      <Filter>Header Files\Engine\Components\UI Components</Filter>
    </ClInclude>
    <ClInclude Include="NetworkManager.hpp">
      <Filter>Header Files\Engine\Managers</Filter>
    </ClInclude>
    <ClInclude Include="Host.hpp">
      <Filter>Header Files\Engine\Networking</Filter>
    </ClInclude>
    <ClInclude Include="Client.hpp">
      <Filter>Header Files\Engine\Networking</Filter>
    </ClInclude>
    <ClInclude Include="Gamestate.hpp">
      <Filter>Header Files\Engine\Base Classes</Filter>
    </ClInclude>
    <ClInclude Include="MyGamestate.hpp">
      <Filter>Header Files\Game</Filter>
    </ClInclude>
    <ClInclude Include="ActorUpdateData.hpp">
      <Filter>Header Files\Engine\Utilities</Filter>
    </ClInclude>
    <ClInclude Include="NetMessageTypes.hpp">
      <Filter>Header Files\Engine\Networking</Filter>
    </ClInclude>
    <ClInclude Include="TestPlayer.hpp">
      <Filter>Header Files\Game</Filter>
    </ClInclude>
    <ClInclude Include="ActorManager.hpp">
      <Filter>Header Files\Engine\Managers</Filter>
    </ClInclude>
    <ClInclude Include="MyMainMenuUI.hpp">
      <Filter>Header Files\Game\MainMenu</Filter>
    </ClInclude>
    <ClInclude Include="MyMenuScene.hpp">
      <Filter>Header Files\Game\MainMenu</Filter>
    </ClInclude>
    <ClInclude Include="MainMenuButton.hpp">
      <Filter>Header Files\Game\MainMenu</Filter>
    </ClInclude>
    <ClInclude Include="UITextbox.hpp">
      <Filter>Header Files\Engine\Components\UI Components</Filter>
    </ClInclude>
    <ClInclude Include="IPentryTextbox.hpp">
      <Filter>Header Files\Game\MainMenu</Filter>
    </ClInclude>
    <ClInclude Include="GameMain.hpp">
      <Filter>Header Files\Game</Filter>
    </ClInclude>
    <ClInclude Include="PhsyicsObjectStateUpdate.hpp">
      <Filter>Header Files\Engine\Networking</Filter>
    </ClInclude>
    <ClInclude Include="SimulationPacket.hpp">
      <Filter>Header Files\Engine\Networking</Filter>
    </ClInclude>
    <ClInclude Include="MouseEvent.hpp">
      <Filter>Header Files\Engine\Input</Filter>
    </ClInclude>
    <ClInclude Include="InputID.hpp">
      <Filter>Header Files\Engine\Input</Filter>
    </ClInclude>
    <ClInclude Include="InputManager.hpp">
      <Filter>Header Files\Engine\Input</Filter>
    </ClInclude>
    <ClInclude Include="InputRecord.hpp">
      <Filter>Header Files\Engine\Input</Filter>
    </ClInclude>
    <ClInclude Include="DebugVisualizerComponent.hpp">
      <Filter>Header Files\Engine\Components</Filter>
    </ClInclude>
    <ClInclude Include="ComplexCubicBezierCurve.hpp">
      <Filter>Header Files\Engine\Utilities</Filter>
    </ClInclude>
    <ClInclude Include="RoadBuilder.hpp">
      <Filter>Header Files\Game</Filter>
    </ClInclude>
    <ClInclude Include="RoadBuildButton.hpp">
      <Filter>Header Files\Game</Filter>
    </ClInclude>
    <ClInclude Include="CurveNodeHandle.hpp">
      <Filter>Header Files\Game</Filter>
    </ClInclude>
    <ClInclude Include="RoadBase.hpp">
      <Filter>Header Files\Game</Filter>
    </ClInclude>
    <ClInclude Include="IntersectionBase.hpp">
      <Filter>Header Files\Game</Filter>
    </ClInclude>
    <ClInclude Include="GenerativeIntersectionMesh.hpp">
      <Filter>Header Files\Game</Filter>
    </ClInclude>
    <ClInclude Include="SelectableActor.hpp">
      <Filter>Header Files\Game</Filter>
    </ClInclude>
    <ClInclude Include="VehiclePath.hpp">
      <Filter>Header Files\Game</Filter>
    </ClInclude>
    <ClInclude Include="VehiclePathTargetHandle.hpp">
      <Filter>Header Files\Game</Filter>
    </ClInclude>
    <ClInclude Include="GenerativeCubicBezierMesh.hpp">
      <Filter>Header Files\Game</Filter>
    </ClInclude>
    <ClInclude Include="IntersectionBuildButton.hpp">
      <Filter>Header Files\Game</Filter>
    </ClInclude>
  </ItemGroup>
  <ItemGroup>
    <ClCompile Include="main.cpp">
      <Filter>Source Files</Filter>
    </ClCompile>
    <ClCompile Include="openFBX\miniz.c">
      <Filter>Source Files\Engine\3rd Party\openFBX</Filter>
    </ClCompile>
    <ClCompile Include="openFBX\ofbx.cpp">
      <Filter>Source Files\Engine\3rd Party\openFBX</Filter>
    </ClCompile>
    <ClCompile Include="CommandPool.cpp">
      <Filter>Source Files\Engine\Engine Core</Filter>
    </ClCompile>
    <ClCompile Include="DebugManager.cpp">
      <Filter>Source Files\Engine\Engine Core</Filter>
    </ClCompile>
    <ClCompile Include="DescriptorManager.cpp">
      <Filter>Source Files\Engine\Engine Core</Filter>
    </ClCompile>
    <ClCompile Include="Device.cpp">
      <Filter>Source Files\Engine\Engine Core</Filter>
    </ClCompile>
    <ClCompile Include="Engine.cpp">
      <Filter>Source Files\Engine\Engine Core</Filter>
    </ClCompile>
    <ClCompile Include="BufferManager.cpp">
      <Filter>Source Files\Engine\Engine Core</Filter>
    </ClCompile>
    <ClCompile Include="ImageResource.cpp">
      <Filter>Source Files\Engine\Engine Core</Filter>
    </ClCompile>
    <ClCompile Include="WindowWrapper.cpp">
      <Filter>Source Files\Engine\Engine Core</Filter>
    </ClCompile>
    <ClCompile Include="RenderComponentManager.cpp">
      <Filter>Source Files\Engine\Engine Core</Filter>
    </ClCompile>
    <ClCompile Include="Shader.cpp">
      <Filter>Source Files\Engine\Engine Core</Filter>
    </ClCompile>
    <ClCompile Include="QueueFamilies.cpp">
      <Filter>Source Files\Engine\Engine Core</Filter>
    </ClCompile>
    <ClCompile Include="Surface.cpp">
      <Filter>Source Files\Engine\Engine Core</Filter>
    </ClCompile>
    <ClCompile Include="Swapchain.cpp">
      <Filter>Source Files\Engine\Engine Core</Filter>
    </ClCompile>
    <ClCompile Include="SyncManager.cpp">
      <Filter>Source Files\Engine\Engine Core</Filter>
    </ClCompile>
    <ClCompile Include="Instance.cpp">
      <Filter>Source Files\Engine\Engine Core</Filter>
    </ClCompile>
    <ClCompile Include="GraphicsPipeline.cpp">
      <Filter>Source Files\Engine\Engine Core</Filter>
    </ClCompile>
    <ClCompile Include="UIComponent.cpp">
      <Filter>Source Files\Engine\Components</Filter>
    </ClCompile>
    <ClCompile Include="TransformComponent.cpp">
      <Filter>Source Files\Engine\Components</Filter>
    </ClCompile>
    <ClCompile Include="Component.cpp">
      <Filter>Source Files\Engine\Components</Filter>
    </ClCompile>
    <ClCompile Include="RenderComponent.cpp">
      <Filter>Source Files\Engine\Components</Filter>
    </ClCompile>
    <ClCompile Include="PhysicsComponent.cpp">
      <Filter>Source Files\Engine\Components</Filter>
    </ClCompile>
    <ClCompile Include="Collision.cpp">
      <Filter>Source Files\Engine\Physics</Filter>
    </ClCompile>
    <ClCompile Include="InputManager.cpp">
      <Filter>Source Files\Engine\Managers</Filter>
    </ClCompile>
    <ClCompile Include="CameraManager.cpp">
      <Filter>Source Files\Engine\Managers</Filter>
    </ClCompile>
    <ClCompile Include="AssetManager.cpp">
      <Filter>Source Files\Engine\Managers</Filter>
    </ClCompile>
    <ClCompile Include="SteamManager.cpp">
      <Filter>Source Files\Engine\Managers</Filter>
    </ClCompile>
    <ClCompile Include="Node.cpp">
      <Filter>Source Files\Engine\Physics</Filter>
    </ClCompile>
    <ClCompile Include="TextManager.cpp">
      <Filter>Source Files\Engine\Managers</Filter>
    </ClCompile>
    <ClCompile Include="FontManager.cpp">
      <Filter>Source Files\Engine\Managers</Filter>
    </ClCompile>
    <ClCompile Include="PhyiscsShape.cpp">
      <Filter>Source Files\Engine\Physics</Filter>
    </ClCompile>
    <ClCompile Include="PhysicsBody.cpp">
      <Filter>Source Files\Engine\Physics</Filter>
    </ClCompile>
    <ClCompile Include="Mesh.cpp">
      <Filter>Source Files\Engine\Base Classes</Filter>
    </ClCompile>
    <ClCompile Include="Material.cpp">
      <Filter>Source Files\Engine\Base Classes</Filter>
    </ClCompile>
    <ClCompile Include="Texture.cpp">
      <Filter>Source Files\Engine\Base Classes</Filter>
    </ClCompile>
    <ClCompile Include="Image.cpp">
      <Filter>Source Files\Engine\Base Classes</Filter>
    </ClCompile>
    <ClCompile Include="Transform.cpp">
      <Filter>Source Files\Engine\Base Classes</Filter>
    </ClCompile>
    <ClCompile Include="Transform2D.cpp">
      <Filter>Source Files\Engine\Base Classes</Filter>
    </ClCompile>
    <ClCompile Include="Model.cpp">
      <Filter>Source Files\Engine\Base Classes</Filter>
    </ClCompile>
    <ClCompile Include="GJK.cpp">
      <Filter>Source Files\Engine\Physics</Filter>
    </ClCompile>
    <ClCompile Include="Armature.cpp">
      <Filter>Source Files\Engine\Base Classes</Filter>
    </ClCompile>
    <ClCompile Include="FBXloader.cpp">
      <Filter>Source Files\Engine\Utilities</Filter>
    </ClCompile>
    <ClCompile Include="DebugMessenger.cpp">
      <Filter>Source Files\Engine\Utilities</Filter>
    </ClCompile>
    <ClCompile Include="PhysicsManager.cpp">
      <Filter>Source Files\Engine\Managers</Filter>
    </ClCompile>
    <ClCompile Include="NetworkManager.cpp">
      <Filter>Source Files\Engine\Managers</Filter>
    </ClCompile>
    <ClCompile Include="Host.cpp">
      <Filter>Source Files\Engine\Networking</Filter>
    </ClCompile>
    <ClCompile Include="Client.cpp">
      <Filter>Source Files\Engine\Networking</Filter>
    </ClCompile>
    <ClCompile Include="ActorManager.cpp">
      <Filter>Source Files\Engine\Managers</Filter>
    </ClCompile>
    <ClCompile Include="UITextbox.cpp">
      <Filter>Source Files\Engine\Components\UI Components</Filter>
    </ClCompile>
    <ClCompile Include="MyMainMenuUI.cpp">
      <Filter>Source Files\Game</Filter>
    </ClCompile>
    <ClCompile Include="IPentryTextbox.cpp">
      <Filter>Source Files\Game</Filter>
    </ClCompile>
    <ClCompile Include="GameMain.cpp">
      <Filter>Source Files\Game</Filter>
    </ClCompile>
    <ClCompile Include="DebugVisualizerComponent.cpp">
      <Filter>Source Files\Engine\Components</Filter>
    </ClCompile>
    <ClCompile Include="RoadBase.cpp">
      <Filter>Source Files\Game</Filter>
    </ClCompile>
    <ClCompile Include="SelectableActor.cpp">
      <Filter>Source Files\Game</Filter>
    </ClCompile>
    <ClCompile Include="CurveNodeHandle.cpp">
      <Filter>Source Files\Game</Filter>
    </ClCompile>
    <ClCompile Include="VehiclePathTargetHandle.cpp">
      <Filter>Source Files\Game</Filter>
    </ClCompile>
  </ItemGroup>
  <ItemGroup>
    <CustomBuild Include="shaders\src\shader.frag">
      <Filter>Resource Files\Shaders</Filter>
    </CustomBuild>
    <CustomBuild Include="shaders\src\shader.vert">
      <Filter>Resource Files\Shaders</Filter>
    </CustomBuild>
    <CustomBuild Include="shaders\src\ui.frag">
      <Filter>Resource Files\Shaders</Filter>
    </CustomBuild>
    <CustomBuild Include="shaders\src\ui.vert">
      <Filter>Resource Files\Shaders</Filter>
    </CustomBuild>
    <CustomBuild Include="shaders\src\wireframe.frag">
      <Filter>Resource Files\Shaders</Filter>
    </CustomBuild>
    <CustomBuild Include="shaders\src\wireframe.vert">
      <Filter>Resource Files\Shaders</Filter>
    </CustomBuild>
  </ItemGroup>
  <ItemGroup>
    <None Include="shader.tesc">
      <Filter>Resource Files\Shaders</Filter>
    </None>
    <None Include="shader.tese">
      <Filter>Resource Files\Shaders</Filter>
    </None>
    <None Include="shaders\src\debug.frag">
      <Filter>Resource Files\Shaders</Filter>
    </None>
    <None Include="shaders\src\debug.vert">
      <Filter>Resource Files\Shaders</Filter>
    </None>
  </ItemGroup>
  <ItemGroup>
    <Text Include="Idea.txt">
      <Filter>Header Files\Game</Filter>
    </Text>
  </ItemGroup>
</Project>